# This file is automatically @generated by Cargo.
# It is not intended for manual editing.
[[package]]
name = "deduplication"
version = "0.1.0"
dependencies = [
 "easytime 0.1.2 (registry+https://github.com/rust-lang/crates.io-index)",
 "member1 0.1.0",
]

[[package]]
name = "easytime"
version = "0.1.2"
source = "registry+https://github.com/rust-lang/crates.io-index"

[[package]]
name = "member1"
version = "0.1.0"

[metadata]
"checksum easytime 0.1.2 (registry+https://github.com/rust-lang/crates.io-index)" = "33419a13337acaad02f83e749e4a16e5b6988877add627963f3a84032a43f2db"
