# This file is automatically @generated by Cargo.
# It is not intended for manual editing.
version = 3

[[package]]
name = "argfile"
version = "0.1.5"
source = "registry+https://github.com/rust-lang/crates.io-index"
checksum = "265f5108974489a217d5098cd81666b60480c8dd67302acbbe7cbdd8aa09d638"
dependencies = [
 "os_str_bytes",
]

[[package]]
name = "member1"
version = "0.0.0"

[[package]]
name = "member2"
version = "0.0.0"

[[package]]
name = "member3"
version = "0.0.0"
dependencies = [
 "member2",
]

[[package]]
name = "memchr"
version = "2.7.1"
source = "registry+https://github.com/rust-lang/crates.io-index"
checksum = "523dc4f511e55ab87b694dc30d0f820d60906ef06413f93d4d7a1385599cc149"

[[package]]
name = "os_str_bytes"
version = "6.6.1"
source = "registry+https://github.com/rust-lang/crates.io-index"
checksum = "e2355d85b9a3786f481747ced0e0ff2ba35213a1f9bd406ed906554d7af805a1"
dependencies = [
 "memchr",
]

[[package]]
name = "real"
version = "0.0.0"
dependencies = [
 "argfile",
 "member1",
]
